<?xml version="1.0" encoding="utf-8"?>
<Project ToolsVersion="4.0" xmlns="http://schemas.microsoft.com/developer/msbuild/2003">
  <ItemGroup>
    <Filter Include="header">
      <UniqueIdentifier>{ed5a463f-ae22-40e1-bc9f-df9d11a41b98}</UniqueIdentifier>
    </Filter>
    <Filter Include="src">
      <UniqueIdentifier>{be797fd9-9d70-4eab-a025-14d6ba389b37}</UniqueIdentifier>
    </Filter>
    <Filter Include="src\Interface">
      <UniqueIdentifier>{fa08312f-6df7-46a4-8c47-f680727e64d5}</UniqueIdentifier>
    </Filter>
  </ItemGroup>
  <ItemGroup>
    <ClCompile Include="interface.cpp">
      <Filter>src\Interface</Filter>
    </ClCompile>
    <ClCompile Include="main.cpp">
      <Filter>src</Filter>
    </ClCompile>
  </ItemGroup>
  <ItemGroup>
    <Xml Include="interface.xml">
      <Filter>src\Interface</Filter>
    </Xml>
  </ItemGroup>
  <ItemGroup>
    <ClInclude Include="interface.h">
      <Filter>header</Filter>
    </ClInclude>
  </ItemGroup>
</Project>